
Microsoft Visual Studio Solution File, Format Version 12.00
# Visual Studio Version 17
VisualStudioVersion = 17.13.35931.197 d17.13
MinimumVisualStudioVersion = 10.0.40219.1
Project("{FAE04EC0-301F-11D3-BF4B-00C04F79EFBC}") = "AutomationExcercise", "AutomationExcercise.csproj", "{3922BE0C-62EA-4D6D-AF8D-3B78F2CA7924}"
EndProject
Global
	GlobalSection(SolutionConfigurationPlatforms) = preSolution
		Debug|Any CPU = Debug|Any CPU
		Release|Any CPU = Release|Any CPU
	EndGlobalSection
	GlobalSection(ProjectConfigurationPlatforms) = postSolution
		{3922BE0C-62EA-4D6D-AF8D-3B78F2CA7924}.Debug|Any CPU.ActiveCfg = Debug|Any CPU
		{3922BE0C-62EA-4D6D-AF8D-3B78F2CA7924}.Debug|Any CPU.Build.0 = Debug|Any CPU
		{3922BE0C-62EA-4D6D-AF8D-3B78F2CA7924}.Release|Any CPU.ActiveCfg = Release|Any CPU
		{3922BE0C-62EA-4D6D-AF8D-3B78F2CA7924}.Release|Any CPU.Build.0 = Release|Any CPU
	EndGlobalSection
	GlobalSection(SolutionProperties) = preSolution
		HideSolutionNode = FALSE
	EndGlobalSection
	GlobalSection(ExtensibilityGlobals) = postSolution
		SolutionGuid = {5A6510D4-EB14-451B-8646-5136873A9DC5}
	EndGlobalSection
EndGlobal
